
Microsoft Visual Studio Solution File, Format Version 12.00
# Visual Studio Version 17
VisualStudioVersion = 17.10.35004.147
MinimumVisualStudioVersion = 10.0.40219.1
Project("{FAE04EC0-301F-11D3-BF4B-00C04F79EFBC}") = "bai8_pheptinhcoban_radiobatton", "bai8_pheptinhcoban_radiobatton.csproj", "{175D924C-D6F0-4294-BBF6-726710C2FA6E}"
EndProject
Global
	GlobalSection(SolutionConfigurationPlatforms) = preSolution
		Debug|Any CPU = Debug|Any CPU
		Release|Any CPU = Release|Any CPU
	EndGlobalSection
	GlobalSection(ProjectConfigurationPlatforms) = postSolution
		{175D924C-D6F0-4294-BBF6-726710C2FA6E}.Debug|Any CPU.ActiveCfg = Debug|Any CPU
		{175D924C-D6F0-4294-BBF6-726710C2FA6E}.Debug|Any CPU.Build.0 = Debug|Any CPU
		{175D924C-D6F0-4294-BBF6-726710C2FA6E}.Release|Any CPU.ActiveCfg = Release|Any CPU
		{175D924C-D6F0-4294-BBF6-726710C2FA6E}.Release|Any CPU.Build.0 = Release|Any CPU
	EndGlobalSection
	GlobalSection(SolutionProperties) = preSolution
		HideSolutionNode = FALSE
	EndGlobalSection
	GlobalSection(ExtensibilityGlobals) = postSolution
		SolutionGuid = {7F57C8F0-4FB7-4B7C-B623-FB4280BC7EA7}
	EndGlobalSection
EndGlobal
